// !$*UTF8*$!
{
	archiveVersion = 1;
	classes = {
	};
	objectVersion = 50;
	objects = {

/* Begin PBXBuildFile section */
		EDE97B9D256F53D4004C2E59 /* AppDelegate.swift in Sources */ = {isa = PBXBuildFile; fileRef = EDE97B9C256F53D4004C2E59 /* AppDelegate.swift */; };
		EDE97B9F256F53D4004C2E59 /* SceneDelegate.swift in Sources */ = {isa = PBXBuildFile; fileRef = EDE97B9E256F53D4004C2E59 /* SceneDelegate.swift */; };
		EDE97BA1256F53D4004C2E59 /* ViewController.swift in Sources */ = {isa = PBXBuildFile; fileRef = EDE97BA0256F53D4004C2E59 /* ViewController.swift */; };
		EDE97BA4256F53D4004C2E59 /* Main.storyboard in Resources */ = {isa = PBXBuildFile; fileRef = EDE97BA2256F53D4004C2E59 /* Main.storyboard */; };
		EDE97BA6256F53D5004C2E59 /* Assets.xcassets in Resources */ = {isa = PBXBuildFile; fileRef = EDE97BA5256F53D5004C2E59 /* Assets.xcassets */; };
		EDE97BA9256F53D5004C2E59 /* LaunchScreen.storyboard in Resources */ = {isa = PBXBuildFile; fileRef = EDE97BA7256F53D5004C2E59 /* LaunchScreen.storyboard */; };
/* End PBXBuildFile section */

/* Begin PBXFileReference section */
		EDE97B99256F53D4004C2E59 /* iOS-Clock-App.app */ = {isa = PBXFileReference; explicitFileType = wrapper.application; includeInIndex = 0; path = "iOS-Clock-App.app"; sourceTree = BUILT_PRODUCTS_DIR; };
		EDE97B9C256F53D4004C2E59 /* AppDelegate.swift */ = {isa = PBXFileReference; lastKnownFileType = sourcecode.swift; path = AppDelegate.swift; sourceTree = "<group>"; };
		EDE97B9E256F53D4004C2E59 /* SceneDelegate.swift */ = {isa = PBXFileReference; lastKnownFileType = sourcecode.swift; path = SceneDelegate.swift; sourceTree = "<group>"; };
		EDE97BA0256F53D4004C2E59 /* ViewController.swift */ = {isa = PBXFileReference; lastKnownFileType = sourcecode.swift; path = ViewController.swift; sourceTree = "<group>"; };
		EDE97BA3256F53D4004C2E59 /* Base */ = {isa = PBXFileReference; lastKnownFileType = file.storyboard; name = Base; path = Base.lproj/Main.storyboard; sourceTree = "<group>"; };
		EDE97BA5256F53D5004C2E59 /* Assets.xcassets */ = {isa = PBXFileReference; lastKnownFileType = folder.assetcatalog; path = Assets.xcassets; sourceTree = "<group>"; };
		EDE97BA8256F53D5004C2E59 /* Base */ = {isa = PBXFileReference; lastKnownFileType = file.storyboard; name = Base; path = Base.lproj/LaunchScreen.storyboard; sourceTree = "<group>"; };
		EDE97BAA256F53D5004C2E59 /* Info.plist */ = {isa = PBXFileReference; lastKnownFileType = text.plist.xml; path = Info.plist; sourceTree = "<group>"; };
/* End PBXFileReference section */

/* Begin PBXFrameworksBuildPhase section */
		EDE97B96256F53D4004C2E59 /* Frameworks */ = {
			isa = PBXFrameworksBuildPhase;
			buildActionMask = 2147483647;
			files = (
			);
			runOnlyForDeploymentPostprocessing = 0;
		};
/* End PBXFrameworksBuildPhase section */

/* Begin PBXGroup section */
		EDE97B90256F53D4004C2E59 = {
			isa = PBXGroup;
			children = (
				EDE97B9B256F53D4004C2E59 /* iOS-Clock-App */,
				EDE97B9A256F53D4004C2E59 /* Products */,
			);
			sourceTree = "<group>";
		};
		EDE97B9A256F53D4004C2E59 /* Products */ = {
			isa = PBXGroup;
			children = (
				EDE97B99256F53D4004C2E59 /* iOS-Clock-App.app */,
			);
			name = Products;
			sourceTree = "<group>";
		};
		EDE97B9B256F53D4004C2E59 /* iOS-Clock-App */ = {
			isa = PBXGroup;
			children = (
				EDE97B9C256F53D4004C2E59 /* AppDelegate.swift */,
				EDE97B9E256F53D4004C2E59 /* SceneDelegate.swift */,
				EDE97BA0256F53D4004C2E59 /* ViewController.swift */,
				EDE97BA2256F53D4004C2E59 /* Main.storyboard */,
				EDE97BA5256F53D5004C2E59 /* Assets.xcassets */,
				EDE97BA7256F53D5004C2E59 /* LaunchScreen.storyboard */,
				EDE97BAA256F53D5004C2E59 /* Info.plist */,
			);
			path = "iOS-Clock-App";
			sourceTree = "<group>";
		};
/* End PBXGroup section */

/* Begin PBXNativeTarget section */
		EDE97B98256F53D4004C2E59 /* iOS-Clock-App */ = {
			isa = PBXNativeTarget;
			buildConfigurationList = EDE97BAD256F53D5004C2E59 /* Build configuration list for PBXNativeTarget "iOS-Clock-App" */;
			buildPhases = (
				EDE97B95256F53D4004C2E59 /* Sources */,
				EDE97B96256F53D4004C2E59 /* Frameworks */,
				EDE97B97256F53D4004C2E59 /* Resources */,
			);
			buildRules = (
			);
			dependencies = (
			);
			name = "iOS-Clock-App";
			productName = "iOS-Clock-App";
			productReference = EDE97B99256F53D4004C2E59 /* iOS-Clock-App.app */;
			productType = "com.apple.product-type.application";
		};
/* End PBXNativeTarget section */

/* Begin PBXProject section */
		EDE97B91256F53D4004C2E59 /* Project object */ = {
			isa = PBXProject;
			attributes = {
				LastSwiftUpdateCheck = 1220;
				LastUpgradeCheck = 1220;
				TargetAttributes = {
					EDE97B98256F53D4004C2E59 = {
						CreatedOnToolsVersion = 12.2;
					};
				};
			};
			buildConfigurationList = EDE97B94256F53D4004C2E59 /* Build configuration list for PBXProject "iOS-Clock-App" */;
			compatibilityVersion = "Xcode 9.3";
			developmentRegion = en;
			hasScannedForEncodings = 0;
			knownRegions = (
				en,
				Base,
			);
			mainGroup = EDE97B90256F53D4004C2E59;
			productRefGroup = EDE97B9A256F53D4004C2E59 /* Products */;
			projectDirPath = "";
			projectRoot = "";
			targets = (
				EDE97B98256F53D4004C2E59 /* iOS-Clock-App */,
			);
		};
/* End PBXProject section */

/* Begin PBXResourcesBuildPhase section */
		EDE97B97256F53D4004C2E59 /* Resources */ = {
			isa = PBXResourcesBuildPhase;
			buildActionMask = 2147483647;
			files = (
				EDE97BA9256F53D5004C2E59 /* LaunchScreen.storyboard in Resources */,
				EDE97BA6256F53D5004C2E59 /* Assets.xcassets in Resources */,
				EDE97BA4256F53D4004C2E59 /* Main.storyboard in Resources */,
			);
			runOnlyForDeploymentPostprocessing = 0;
		};
/* End PBXResourcesBuildPhase section */

/* Begin PBXSourcesBuildPhase section */
		EDE97B95256F53D4004C2E59 /* Sources */ = {
			isa = PBXSourcesBuildPhase;
			buildActionMask = 2147483647;
			files = (
				EDE97BA1256F53D4004C2E59 /* ViewController.swift in Sources */,
				EDE97B9D256F53D4004C2E59 /* AppDelegate.swift in Sources */,
				EDE97B9F256F53D4004C2E59 /* SceneDelegate.swift in Sources */,
			);
			runOnlyForDeploymentPostprocessing = 0;
		};
/* End PBXSourcesBuildPhase section */

/* Begin PBXVariantGroup section */
		EDE97BA2256F53D4004C2E59 /* Main.storyboard */ = {
			isa = PBXVariantGroup;
			children = (
				EDE97BA3256F53D4004C2E59 /* Base */,
			);
			name = Main.storyboard;
			sourceTree = "<group>";
		};
		EDE97BA7256F53D5004C2E59 /* LaunchScreen.storyboard */ = {
			isa = PBXVariantGroup;
			children = (
				EDE97BA8256F53D5004C2E59 /* Base */,
			);
			name = LaunchScreen.storyboard;
			sourceTree = "<group>";
		};
/* End PBXVariantGroup section */

/* Begin XCBuildConfiguration section */
		EDE97BAB256F53D5004C2E59 /* Debug */ = {
			isa = XCBuildConfiguration;
			buildSettings = {
				ALWAYS_SEARCH_USER_PATHS = NO;
				CLANG_ANALYZER_NONNULL = YES;
				CLANG_ANALYZER_NUMBER_OBJECT_CONVERSION = YES_AGGRESSIVE;
				CLANG_CXX_LANGUAGE_STANDARD = "gnu++14";
				CLANG_CXX_LIBRARY = "libc++";
				CLANG_ENABLE_MODULES = YES;
				CLANG_ENABLE_OBJC_ARC = YES;
				CLANG_ENABLE_OBJC_WEAK = YES;
				CLANG_WARN_BLOCK_CAPTURE_AUTORELEASING = YES;
				CLANG_WARN_BOOL_CONVERSION = YES;
				CLANG_WARN_COMMA = YES;
				CLANG_WARN_CONSTANT_CONVERSION = YES;
				CLANG_WARN_DEPRECATED_OBJC_IMPLEMENTATIONS = YES;
				CLANG_WARN_DIRECT_OBJC_ISA_USAGE = YES_ERROR;
				CLANG_WARN_DOCUMENTATION_COMMENTS = YES;
				CLANG_WARN_EMPTY_BODY = YES;
				CLANG_WARN_ENUM_CONVERSION = YES;
				CLANG_WARN_INFINITE_RECURSION = YES;
				CLANG_WARN_INT_CONVERSION = YES;
				CLANG_WARN_NON_LITERAL_NULL_CONVERSION = YES;
				CLANG_WARN_OBJC_IMPLICIT_RETAIN_SELF = YES;
				CLANG_WARN_OBJC_LITERAL_CONVERSION = YES;
				CLANG_WARN_OBJC_ROOT_CLASS = YES_ERROR;
				CLANG_WARN_QUOTED_INCLUDE_IN_FRAMEWORK_HEADER = YES;
				CLANG_WARN_RANGE_LOOP_ANALYSIS = YES;
				CLANG_WARN_STRICT_PROTOTYPES = YES;
				CLANG_WARN_SUSPICIOUS_MOVE = YES;
				CLANG_WARN_UNGUARDED_AVAILABILITY = YES_AGGRESSIVE;
				CLANG_WARN_UNREACHABLE_CODE = YES;
				CLANG_WARN__DUPLICATE_METHOD_MATCH = YES;
				COPY_PHASE_STRIP = NO;
				DEBUG_INFORMATION_FORMAT = dwarf;
				ENABLE_STRICT_OBJC_MSGSEND = YES;
				ENABLE_TESTABILITY = YES;
				GCC_C_LANGUAGE_STANDARD = gnu11;
				GCC_DYNAMIC_NO_PIC = NO;
				GCC_NO_COMMON_BLOCKS = YES;
				GCC_OPTIMIZATION_LEVEL = 0;
				GCC_PREPROCESSOR_DEFINITIONS = (
					"DEBUG=1",
					"$(inherited)",
				);
				GCC_WARN_64_TO_32_BIT_CONVERSION = YES;
				GCC_WARN_ABOUT_RETURN_TYPE = YES_ERROR;
				GCC_WARN_UNDECLARED_SELECTOR = YES;
				GCC_WARN_UNINITIALIZED_AUTOS = YES_AGGRESSIVE;
				GCC_WARN_UNUSED_FUNCTION = YES;
				GCC_WARN_UNUSED_VARIABLE = YES;
				IPHONEOS_DEPLOYMENT_TARGET = 14.2;
				MTL_ENABLE_DEBUG_INFO = INCLUDE_SOURCE;
				MTL_FAST_MATH = YES;
				ONLY_ACTIVE_ARCH = YES;
				SDKROOT = iphoneos;
				SWIFT_ACTIVE_COMPILATION_CONDITIONS = DEBUG;
				SWIFT_OPTIMIZATION_LEVEL = "-Onone";
			};
			name = Debug;
		};
		EDE97BAC256F53D5004C2E59 /* Release */ = {
			isa = XCBuildConfiguration;
			buildSettings = {
				ALWAYS_SEARCH_USER_PATHS = NO;
				CLANG_ANALYZER_NONNULL = YES;
				CLANG_ANALYZER_NUMBER_OBJECT_CONVERSION = YES_AGGRESSIVE;
				CLANG_CXX_LANGUAGE_STANDARD = "gnu++14";
				CLANG_CXX_LIBRARY = "libc++";
				CLANG_ENABLE_MODULES = YES;
				CLANG_ENABLE_OBJC_ARC = YES;
				CLANG_ENABLE_OBJC_WEAK = YES;
				CLANG_WARN_BLOCK_CAPTURE_AUTORELEASING = YES;
				CLANG_WARN_BOOL_CONVERSION = YES;
				CLANG_WARN_COMMA = YES;
				CLANG_WARN_CONSTANT_CONVERSION = YES;
				CLANG_WARN_DEPRECATED_OBJC_IMPLEMENTATIONS = YES;
				CLANG_WARN_DIRECT_OBJC_ISA_USAGE = YES_ERROR;
				CLANG_WARN_DOCUMENTATION_COMMENTS = YES;
				CLANG_WARN_EMPTY_BODY = YES;
				CLANG_WARN_ENUM_CONVERSION = YES;
				CLANG_WARN_INFINITE_RECURSION = YES;
				CLANG_WARN_INT_CONVERSION = YES;
				CLANG_WARN_NON_LITERAL_NULL_CONVERSION = YES;
				CLANG_WARN_OBJC_IMPLICIT_RETAIN_SELF = YES;
				CLANG_WARN_OBJC_LITERAL_CONVERSION = YES;
				CLANG_WARN_OBJC_ROOT_CLASS = YES_ERROR;
				CLANG_WARN_QUOTED_INCLUDE_IN_FRAMEWORK_HEADER = YES;
				CLANG_WARN_RANGE_LOOP_ANALYSIS = YES;
				CLANG_WARN_STRICT_PROTOTYPES = YES;
				CLANG_WARN_SUSPICIOUS_MOVE = YES;
				CLANG_WARN_UNGUARDED_AVAILABILITY = YES_AGGRESSIVE;
				CLANG_WARN_UNREACHABLE_CODE = YES;
				CLANG_WARN__DUPLICATE_METHOD_MATCH = YES;
				COPY_PHASE_STRIP = NO;
				DEBUG_INFORMATION_FORMAT = "dwarf-with-dsym";
				ENABLE_NS_ASSERTIONS = NO;
				ENABLE_STRICT_OBJC_MSGSEND = YES;
				GCC_C_LANGUAGE_STANDARD = gnu11;
				GCC_NO_COMMON_BLOCKS = YES;
				GCC_WARN_64_TO_32_BIT_CONVERSION = YES;
				GCC_WARN_ABOUT_RETURN_TYPE = YES_ERROR;
				GCC_WARN_UNDECLARED_SELECTOR = YES;
				GCC_WARN_UNINITIALIZED_AUTOS = YES_AGGRESSIVE;
				GCC_WARN_UNUSED_FUNCTION = YES;
				GCC_WARN_UNUSED_VARIABLE = YES;
				IPHONEOS_DEPLOYMENT_TARGET = 14.2;
				MTL_ENABLE_DEBUG_INFO = NO;
				MTL_FAST_MATH = YES;
				SDKROOT = iphoneos;
				SWIFT_COMPILATION_MODE = wholemodule;
				SWIFT_OPTIMIZATION_LEVEL = "-O";
				VALIDATE_PRODUCT = YES;
			};
			name = Release;
		};
		EDE97BAE256F53D5004C2E59 /* Debug */ = {
			isa = XCBuildConfiguration;
			buildSettings = {
				ASSETCATALOG_COMPILER_APPICON_NAME = AppIcon;
				ASSETCATALOG_COMPILER_GLOBAL_ACCENT_COLOR_NAME = AccentColor;
				CODE_SIGN_STYLE = Automatic;
				INFOPLIST_FILE = "iOS-Clock-App/Info.plist";
				LD_RUNPATH_SEARCH_PATHS = (
					"$(inherited)",
					"@executable_path/Frameworks",
				);
				PRODUCT_BUNDLE_IDENTIFIER = "com.tiekle.iOS-Clock-App";
				PRODUCT_NAME = "$(TARGET_NAME)";
				SWIFT_VERSION = 5.0;
				TARGETED_DEVICE_FAMILY = "1,2";
			};
			name = Debug;
		};
		EDE97BAF256F53D5004C2E59 /* Release */ = {
			isa = XCBuildConfiguration;
			buildSettings = {
				ASSETCATALOG_COMPILER_APPICON_NAME = AppIcon;
				ASSETCATALOG_COMPILER_GLOBAL_ACCENT_COLOR_NAME = AccentColor;
				CODE_SIGN_STYLE = Automatic;
				INFOPLIST_FILE = "iOS-Clock-App/Info.plist";
				LD_RUNPATH_SEARCH_PATHS = (
					"$(inherited)",
					"@executable_path/Frameworks",
				);
				PRODUCT_BUNDLE_IDENTIFIER = "com.tiekle.iOS-Clock-App";
				PRODUCT_NAME = "$(TARGET_NAME)";
				SWIFT_VERSION = 5.0;
				TARGETED_DEVICE_FAMILY = "1,2";
			};
			name = Release;
		};
/* End XCBuildConfiguration section */

/* Begin XCConfigurationList section */
		EDE97B94256F53D4004C2E59 /* Build configuration list for PBXProject "iOS-Clock-App" */ = {
			isa = XCConfigurationList;
			buildConfigurations = (
				EDE97BAB256F53D5004C2E59 /* Debug */,
				EDE97BAC256F53D5004C2E59 /* Release */,
			);
			defaultConfigurationIsVisible = 0;
			defaultConfigurationName = Release;
		};
		EDE97BAD256F53D5004C2E59 /* Build configuration list for PBXNativeTarget "iOS-Clock-App" */ = {
			isa = XCConfigurationList;
			buildConfigurations = (
				EDE97BAE256F53D5004C2E59 /* Debug */,
				EDE97BAF256F53D5004C2E59 /* Release */,
			);
			defaultConfigurationIsVisible = 0;
			defaultConfigurationName = Release;
		};
/* End XCConfigurationList section */
	};
	rootObject = EDE97B91256F53D4004C2E59 /* Project object */;
}
