// !$*UTF8*$!
{
	archiveVersion = 1;
	classes = {
	};
	objectVersion = 51;
	objects = {

/* Begin PBXBuildFile section */
		2C43DB9D403224F088A722A7 /* Pods_iOS_Clock_App.framework in Frameworks */ = {isa = PBXBuildFile; fileRef = 9ACD3497FEFB4A2ED915257D /* Pods_iOS_Clock_App.framework */; };
		EDE97B9D256F53D4004C2E59 /* AppDelegate.swift in Sources */ = {isa = PBXBuildFile; fileRef = EDE97B9C256F53D4004C2E59 /* AppDelegate.swift */; };
		EDE97B9F256F53D4004C2E59 /* SceneDelegate.swift in Sources */ = {isa = PBXBuildFile; fileRef = EDE97B9E256F53D4004C2E59 /* SceneDelegate.swift */; };
		EDE97BA1256F53D4004C2E59 /* ViewController.swift in Sources */ = {isa = PBXBuildFile; fileRef = EDE97BA0256F53D4004C2E59 /* ViewController.swift */; };
		EDE97BA4256F53D4004C2E59 /* Main.storyboard in Resources */ = {isa = PBXBuildFile; fileRef = EDE97BA2256F53D4004C2E59 /* Main.storyboard */; };
		EDE97BA6256F53D5004C2E59 /* Assets.xcassets in Resources */ = {isa = PBXBuildFile; fileRef = EDE97BA5256F53D5004C2E59 /* Assets.xcassets */; };
		EDE97BA9256F53D5004C2E59 /* LaunchScreen.storyboard in Resources */ = {isa = PBXBuildFile; fileRef = EDE97BA7256F53D5004C2E59 /* LaunchScreen.storyboard */; };
		EDE97BDA25728B33004C2E59 /* ClockSB.storyboard in Resources */ = {isa = PBXBuildFile; fileRef = EDE97BD925728B33004C2E59 /* ClockSB.storyboard */; };
		EDE97BDD25728BC9004C2E59 /* WorldClockVC.swift in Sources */ = {isa = PBXBuildFile; fileRef = EDE97BDC25728BC9004C2E59 /* WorldClockVC.swift */; };
		EDE97BE125729404004C2E59 /* WorldClockCell.swift in Sources */ = {isa = PBXBuildFile; fileRef = EDE97BE025729404004C2E59 /* WorldClockCell.swift */; };
		EDE97BE42572948D004C2E59 /* WorldTime.swift in Sources */ = {isa = PBXBuildFile; fileRef = EDE97BE32572948D004C2E59 /* WorldTime.swift */; };
		EDE97BEA25734A21004C2E59 /* AddWorldClockVC.swift in Sources */ = {isa = PBXBuildFile; fileRef = EDE97BE925734A21004C2E59 /* AddWorldClockVC.swift */; };
		EDE97BED25735269004C2E59 /* CountryClockCell.swift in Sources */ = {isa = PBXBuildFile; fileRef = EDE97BEC25735269004C2E59 /* CountryClockCell.swift */; };
/* End PBXBuildFile section */

/* Begin PBXFileReference section */
		4C7BA35B4BA55D4CB70C1416 /* Pods-iOS-Clock-App.release.xcconfig */ = {isa = PBXFileReference; includeInIndex = 1; lastKnownFileType = text.xcconfig; name = "Pods-iOS-Clock-App.release.xcconfig"; path = "Target Support Files/Pods-iOS-Clock-App/Pods-iOS-Clock-App.release.xcconfig"; sourceTree = "<group>"; };
		535F2A2E41B496BE89F65A26 /* Pods-iOS-Clock-App.debug.xcconfig */ = {isa = PBXFileReference; includeInIndex = 1; lastKnownFileType = text.xcconfig; name = "Pods-iOS-Clock-App.debug.xcconfig"; path = "Target Support Files/Pods-iOS-Clock-App/Pods-iOS-Clock-App.debug.xcconfig"; sourceTree = "<group>"; };
		9ACD3497FEFB4A2ED915257D /* Pods_iOS_Clock_App.framework */ = {isa = PBXFileReference; explicitFileType = wrapper.framework; includeInIndex = 0; path = Pods_iOS_Clock_App.framework; sourceTree = BUILT_PRODUCTS_DIR; };
		EDE97B99256F53D4004C2E59 /* iOS-Clock-App.app */ = {isa = PBXFileReference; explicitFileType = wrapper.application; includeInIndex = 0; path = "iOS-Clock-App.app"; sourceTree = BUILT_PRODUCTS_DIR; };
		EDE97B9C256F53D4004C2E59 /* AppDelegate.swift */ = {isa = PBXFileReference; lastKnownFileType = sourcecode.swift; path = AppDelegate.swift; sourceTree = "<group>"; };
		EDE97B9E256F53D4004C2E59 /* SceneDelegate.swift */ = {isa = PBXFileReference; lastKnownFileType = sourcecode.swift; path = SceneDelegate.swift; sourceTree = "<group>"; };
		EDE97BA0256F53D4004C2E59 /* ViewController.swift */ = {isa = PBXFileReference; lastKnownFileType = sourcecode.swift; path = ViewController.swift; sourceTree = "<group>"; };
		EDE97BA3256F53D4004C2E59 /* Base */ = {isa = PBXFileReference; lastKnownFileType = file.storyboard; name = Base; path = Base.lproj/Main.storyboard; sourceTree = "<group>"; };
		EDE97BA5256F53D5004C2E59 /* Assets.xcassets */ = {isa = PBXFileReference; lastKnownFileType = folder.assetcatalog; path = Assets.xcassets; sourceTree = "<group>"; };
		EDE97BA8256F53D5004C2E59 /* Base */ = {isa = PBXFileReference; lastKnownFileType = file.storyboard; name = Base; path = Base.lproj/LaunchScreen.storyboard; sourceTree = "<group>"; };
		EDE97BAA256F53D5004C2E59 /* Info.plist */ = {isa = PBXFileReference; lastKnownFileType = text.plist.xml; path = Info.plist; sourceTree = "<group>"; };
		EDE97BD925728B33004C2E59 /* ClockSB.storyboard */ = {isa = PBXFileReference; lastKnownFileType = file.storyboard; path = ClockSB.storyboard; sourceTree = "<group>"; };
		EDE97BDC25728BC9004C2E59 /* WorldClockVC.swift */ = {isa = PBXFileReference; lastKnownFileType = sourcecode.swift; path = WorldClockVC.swift; sourceTree = "<group>"; };
		EDE97BE025729404004C2E59 /* WorldClockCell.swift */ = {isa = PBXFileReference; lastKnownFileType = sourcecode.swift; path = WorldClockCell.swift; sourceTree = "<group>"; };
		EDE97BE32572948D004C2E59 /* WorldTime.swift */ = {isa = PBXFileReference; lastKnownFileType = sourcecode.swift; path = WorldTime.swift; sourceTree = "<group>"; };
		EDE97BE925734A21004C2E59 /* AddWorldClockVC.swift */ = {isa = PBXFileReference; lastKnownFileType = sourcecode.swift; path = AddWorldClockVC.swift; sourceTree = "<group>"; };
		EDE97BEC25735269004C2E59 /* CountryClockCell.swift */ = {isa = PBXFileReference; lastKnownFileType = sourcecode.swift; path = CountryClockCell.swift; sourceTree = "<group>"; };
/* End PBXFileReference section */

/* Begin PBXFrameworksBuildPhase section */
		EDE97B96256F53D4004C2E59 /* Frameworks */ = {
			isa = PBXFrameworksBuildPhase;
			buildActionMask = 2147483647;
			files = (
				2C43DB9D403224F088A722A7 /* Pods_iOS_Clock_App.framework in Frameworks */,
			);
			runOnlyForDeploymentPostprocessing = 0;
		};
/* End PBXFrameworksBuildPhase section */

/* Begin PBXGroup section */
		2BE22C0023F54D551349A250 /* Pods */ = {
			isa = PBXGroup;
			children = (
				535F2A2E41B496BE89F65A26 /* Pods-iOS-Clock-App.debug.xcconfig */,
				4C7BA35B4BA55D4CB70C1416 /* Pods-iOS-Clock-App.release.xcconfig */,
			);
			path = Pods;
			sourceTree = "<group>";
		};
		CDD900B059C4C5152CF7A4C6 /* Frameworks */ = {
			isa = PBXGroup;
			children = (
				9ACD3497FEFB4A2ED915257D /* Pods_iOS_Clock_App.framework */,
			);
			name = Frameworks;
			sourceTree = "<group>";
		};
		EDE97B90256F53D4004C2E59 = {
			isa = PBXGroup;
			children = (
				EDE97B9B256F53D4004C2E59 /* iOS-Clock-App */,
				EDE97B9A256F53D4004C2E59 /* Products */,
				2BE22C0023F54D551349A250 /* Pods */,
				CDD900B059C4C5152CF7A4C6 /* Frameworks */,
			);
			sourceTree = "<group>";
		};
		EDE97B9A256F53D4004C2E59 /* Products */ = {
			isa = PBXGroup;
			children = (
				EDE97B99256F53D4004C2E59 /* iOS-Clock-App.app */,
			);
			name = Products;
			sourceTree = "<group>";
		};
		EDE97B9B256F53D4004C2E59 /* iOS-Clock-App */ = {
			isa = PBXGroup;
			children = (
				EDE97BD325728984004C2E59 /* Sources */,
				EDE97BD12572894D004C2E59 /* Resource */,
			);
			path = "iOS-Clock-App";
			sourceTree = "<group>";
		};
		EDE97BD12572894D004C2E59 /* Resource */ = {
			isa = PBXGroup;
			children = (
				EDE97BAA256F53D5004C2E59 /* Info.plist */,
				EDE97BA5256F53D5004C2E59 /* Assets.xcassets */,
				EDE97BD225728955004C2E59 /* Storyboard */,
			);
			path = Resource;
			sourceTree = "<group>";
		};
		EDE97BD225728955004C2E59 /* Storyboard */ = {
			isa = PBXGroup;
			children = (
				EDE97BA2256F53D4004C2E59 /* Main.storyboard */,
				EDE97BA7256F53D5004C2E59 /* LaunchScreen.storyboard */,
				EDE97BD925728B33004C2E59 /* ClockSB.storyboard */,
			);
			path = Storyboard;
			sourceTree = "<group>";
		};
		EDE97BD325728984004C2E59 /* Sources */ = {
			isa = PBXGroup;
			children = (
				EDE97BD7257289C7004C2E59 /* Cells */,
				EDE97BD6257289C1004C2E59 /* Views */,
				EDE97BD525728999004C2E59 /* ViewControllers */,
				EDE97BD425728994004C2E59 /* Models */,
				EDE97B9C256F53D4004C2E59 /* AppDelegate.swift */,
				EDE97B9E256F53D4004C2E59 /* SceneDelegate.swift */,
			);
			path = Sources;
			sourceTree = "<group>";
		};
		EDE97BD425728994004C2E59 /* Models */ = {
			isa = PBXGroup;
			children = (
				EDE97BE32572948D004C2E59 /* WorldTime.swift */,
			);
			path = Models;
			sourceTree = "<group>";
		};
		EDE97BD525728999004C2E59 /* ViewControllers */ = {
			isa = PBXGroup;
			children = (
				EDE97BA0256F53D4004C2E59 /* ViewController.swift */,
				EDE97BDC25728BC9004C2E59 /* WorldClockVC.swift */,
				EDE97BE925734A21004C2E59 /* AddWorldClockVC.swift */,
			);
			path = ViewControllers;
			sourceTree = "<group>";
		};
		EDE97BD6257289C1004C2E59 /* Views */ = {
			isa = PBXGroup;
			children = (
			);
			path = Views;
			sourceTree = "<group>";
		};
		EDE97BD7257289C7004C2E59 /* Cells */ = {
			isa = PBXGroup;
			children = (
				EDE97BE025729404004C2E59 /* WorldClockCell.swift */,
				EDE97BEC25735269004C2E59 /* CountryClockCell.swift */,
			);
			path = Cells;
			sourceTree = "<group>";
		};
/* End PBXGroup section */

/* Begin PBXNativeTarget section */
		EDE97B98256F53D4004C2E59 /* iOS-Clock-App */ = {
			isa = PBXNativeTarget;
			buildConfigurationList = EDE97BAD256F53D5004C2E59 /* Build configuration list for PBXNativeTarget "iOS-Clock-App" */;
			buildPhases = (
				5E014CF21D0E7801EA35CF9D /* [CP] Check Pods Manifest.lock */,
				EDE97B95256F53D4004C2E59 /* Sources */,
				EDE97B96256F53D4004C2E59 /* Frameworks */,
				EDE97B97256F53D4004C2E59 /* Resources */,
				931EA80B608A99057BE6737B /* [CP] Embed Pods Frameworks */,
			);
			buildRules = (
			);
			dependencies = (
			);
			name = "iOS-Clock-App";
			productName = "iOS-Clock-App";
			productReference = EDE97B99256F53D4004C2E59 /* iOS-Clock-App.app */;
			productType = "com.apple.product-type.application";
		};
/* End PBXNativeTarget section */

/* Begin PBXProject section */
		EDE97B91256F53D4004C2E59 /* Project object */ = {
			isa = PBXProject;
			attributes = {
				LastSwiftUpdateCheck = 1220;
				LastUpgradeCheck = 1220;
				TargetAttributes = {
					EDE97B98256F53D4004C2E59 = {
						CreatedOnToolsVersion = 12.2;
					};
				};
			};
			buildConfigurationList = EDE97B94256F53D4004C2E59 /* Build configuration list for PBXProject "iOS-Clock-App" */;
			compatibilityVersion = "Xcode 9.3";
			developmentRegion = en;
			hasScannedForEncodings = 0;
			knownRegions = (
				en,
				Base,
			);
			mainGroup = EDE97B90256F53D4004C2E59;
			productRefGroup = EDE97B9A256F53D4004C2E59 /* Products */;
			projectDirPath = "";
			projectRoot = "";
			targets = (
				EDE97B98256F53D4004C2E59 /* iOS-Clock-App */,
			);
		};
/* End PBXProject section */

/* Begin PBXResourcesBuildPhase section */
		EDE97B97256F53D4004C2E59 /* Resources */ = {
			isa = PBXResourcesBuildPhase;
			buildActionMask = 2147483647;
			files = (
				EDE97BA9256F53D5004C2E59 /* LaunchScreen.storyboard in Resources */,
				EDE97BA6256F53D5004C2E59 /* Assets.xcassets in Resources */,
				EDE97BDA25728B33004C2E59 /* ClockSB.storyboard in Resources */,
				EDE97BA4256F53D4004C2E59 /* Main.storyboard in Resources */,
			);
			runOnlyForDeploymentPostprocessing = 0;
		};
/* End PBXResourcesBuildPhase section */

/* Begin PBXShellScriptBuildPhase section */
		5E014CF21D0E7801EA35CF9D /* [CP] Check Pods Manifest.lock */ = {
			isa = PBXShellScriptBuildPhase;
			buildActionMask = 2147483647;
			files = (
			);
			inputFileListPaths = (
			);
			inputPaths = (
				"${PODS_PODFILE_DIR_PATH}/Podfile.lock",
				"${PODS_ROOT}/Manifest.lock",
			);
			name = "[CP] Check Pods Manifest.lock";
			outputFileListPaths = (
			);
			outputPaths = (
				"$(DERIVED_FILE_DIR)/Pods-iOS-Clock-App-checkManifestLockResult.txt",
			);
			runOnlyForDeploymentPostprocessing = 0;
			shellPath = /bin/sh;
			shellScript = "diff \"${PODS_PODFILE_DIR_PATH}/Podfile.lock\" \"${PODS_ROOT}/Manifest.lock\" > /dev/null\nif [ $? != 0 ] ; then\n    # print error to STDERR\n    echo \"error: The sandbox is not in sync with the Podfile.lock. Run 'pod install' or update your CocoaPods installation.\" >&2\n    exit 1\nfi\n# This output is used by Xcode 'outputs' to avoid re-running this script phase.\necho \"SUCCESS\" > \"${SCRIPT_OUTPUT_FILE_0}\"\n";
			showEnvVarsInLog = 0;
		};
		931EA80B608A99057BE6737B /* [CP] Embed Pods Frameworks */ = {
			isa = PBXShellScriptBuildPhase;
			buildActionMask = 2147483647;
			files = (
			);
			inputFileListPaths = (
				"${PODS_ROOT}/Target Support Files/Pods-iOS-Clock-App/Pods-iOS-Clock-App-frameworks-${CONFIGURATION}-input-files.xcfilelist",
			);
			name = "[CP] Embed Pods Frameworks";
			outputFileListPaths = (
				"${PODS_ROOT}/Target Support Files/Pods-iOS-Clock-App/Pods-iOS-Clock-App-frameworks-${CONFIGURATION}-output-files.xcfilelist",
			);
			runOnlyForDeploymentPostprocessing = 0;
			shellPath = /bin/sh;
			shellScript = "\"${PODS_ROOT}/Target Support Files/Pods-iOS-Clock-App/Pods-iOS-Clock-App-frameworks.sh\"\n";
			showEnvVarsInLog = 0;
		};
/* End PBXShellScriptBuildPhase section */

/* Begin PBXSourcesBuildPhase section */
		EDE97B95256F53D4004C2E59 /* Sources */ = {
			isa = PBXSourcesBuildPhase;
			buildActionMask = 2147483647;
			files = (
				EDE97BA1256F53D4004C2E59 /* ViewController.swift in Sources */,
				EDE97BED25735269004C2E59 /* CountryClockCell.swift in Sources */,
				EDE97BDD25728BC9004C2E59 /* WorldClockVC.swift in Sources */,
				EDE97BE125729404004C2E59 /* WorldClockCell.swift in Sources */,
				EDE97BEA25734A21004C2E59 /* AddWorldClockVC.swift in Sources */,
				EDE97BE42572948D004C2E59 /* WorldTime.swift in Sources */,
				EDE97B9D256F53D4004C2E59 /* AppDelegate.swift in Sources */,
				EDE97B9F256F53D4004C2E59 /* SceneDelegate.swift in Sources */,
			);
			runOnlyForDeploymentPostprocessing = 0;
		};
/* End PBXSourcesBuildPhase section */

/* Begin PBXVariantGroup section */
		EDE97BA2256F53D4004C2E59 /* Main.storyboard */ = {
			isa = PBXVariantGroup;
			children = (
				EDE97BA3256F53D4004C2E59 /* Base */,
			);
			name = Main.storyboard;
			sourceTree = "<group>";
		};
		EDE97BA7256F53D5004C2E59 /* LaunchScreen.storyboard */ = {
			isa = PBXVariantGroup;
			children = (
				EDE97BA8256F53D5004C2E59 /* Base */,
			);
			name = LaunchScreen.storyboard;
			sourceTree = "<group>";
		};
/* End PBXVariantGroup section */

/* Begin XCBuildConfiguration section */
		EDE97BAB256F53D5004C2E59 /* Debug */ = {
			isa = XCBuildConfiguration;
			buildSettings = {
				ALWAYS_SEARCH_USER_PATHS = NO;
				CLANG_ANALYZER_NONNULL = YES;
				CLANG_ANALYZER_NUMBER_OBJECT_CONVERSION = YES_AGGRESSIVE;
				CLANG_CXX_LANGUAGE_STANDARD = "gnu++14";
				CLANG_CXX_LIBRARY = "libc++";
				CLANG_ENABLE_MODULES = YES;
				CLANG_ENABLE_OBJC_ARC = YES;
				CLANG_ENABLE_OBJC_WEAK = YES;
				CLANG_WARN_BLOCK_CAPTURE_AUTORELEASING = YES;
				CLANG_WARN_BOOL_CONVERSION = YES;
				CLANG_WARN_COMMA = YES;
				CLANG_WARN_CONSTANT_CONVERSION = YES;
				CLANG_WARN_DEPRECATED_OBJC_IMPLEMENTATIONS = YES;
				CLANG_WARN_DIRECT_OBJC_ISA_USAGE = YES_ERROR;
				CLANG_WARN_DOCUMENTATION_COMMENTS = YES;
				CLANG_WARN_EMPTY_BODY = YES;
				CLANG_WARN_ENUM_CONVERSION = YES;
				CLANG_WARN_INFINITE_RECURSION = YES;
				CLANG_WARN_INT_CONVERSION = YES;
				CLANG_WARN_NON_LITERAL_NULL_CONVERSION = YES;
				CLANG_WARN_OBJC_IMPLICIT_RETAIN_SELF = YES;
				CLANG_WARN_OBJC_LITERAL_CONVERSION = YES;
				CLANG_WARN_OBJC_ROOT_CLASS = YES_ERROR;
				CLANG_WARN_QUOTED_INCLUDE_IN_FRAMEWORK_HEADER = YES;
				CLANG_WARN_RANGE_LOOP_ANALYSIS = YES;
				CLANG_WARN_STRICT_PROTOTYPES = YES;
				CLANG_WARN_SUSPICIOUS_MOVE = YES;
				CLANG_WARN_UNGUARDED_AVAILABILITY = YES_AGGRESSIVE;
				CLANG_WARN_UNREACHABLE_CODE = YES;
				CLANG_WARN__DUPLICATE_METHOD_MATCH = YES;
				COPY_PHASE_STRIP = NO;
				DEBUG_INFORMATION_FORMAT = dwarf;
				ENABLE_STRICT_OBJC_MSGSEND = YES;
				ENABLE_TESTABILITY = YES;
				GCC_C_LANGUAGE_STANDARD = gnu11;
				GCC_DYNAMIC_NO_PIC = NO;
				GCC_NO_COMMON_BLOCKS = YES;
				GCC_OPTIMIZATION_LEVEL = 0;
				GCC_PREPROCESSOR_DEFINITIONS = (
					"DEBUG=1",
					"$(inherited)",
				);
				GCC_WARN_64_TO_32_BIT_CONVERSION = YES;
				GCC_WARN_ABOUT_RETURN_TYPE = YES_ERROR;
				GCC_WARN_UNDECLARED_SELECTOR = YES;
				GCC_WARN_UNINITIALIZED_AUTOS = YES_AGGRESSIVE;
				GCC_WARN_UNUSED_FUNCTION = YES;
				GCC_WARN_UNUSED_VARIABLE = YES;
				IPHONEOS_DEPLOYMENT_TARGET = 14.2;
				MTL_ENABLE_DEBUG_INFO = INCLUDE_SOURCE;
				MTL_FAST_MATH = YES;
				ONLY_ACTIVE_ARCH = YES;
				SDKROOT = iphoneos;
				SWIFT_ACTIVE_COMPILATION_CONDITIONS = DEBUG;
				SWIFT_OPTIMIZATION_LEVEL = "-Onone";
			};
			name = Debug;
		};
		EDE97BAC256F53D5004C2E59 /* Release */ = {
			isa = XCBuildConfiguration;
			buildSettings = {
				ALWAYS_SEARCH_USER_PATHS = NO;
				CLANG_ANALYZER_NONNULL = YES;
				CLANG_ANALYZER_NUMBER_OBJECT_CONVERSION = YES_AGGRESSIVE;
				CLANG_CXX_LANGUAGE_STANDARD = "gnu++14";
				CLANG_CXX_LIBRARY = "libc++";
				CLANG_ENABLE_MODULES = YES;
				CLANG_ENABLE_OBJC_ARC = YES;
				CLANG_ENABLE_OBJC_WEAK = YES;
				CLANG_WARN_BLOCK_CAPTURE_AUTORELEASING = YES;
				CLANG_WARN_BOOL_CONVERSION = YES;
				CLANG_WARN_COMMA = YES;
				CLANG_WARN_CONSTANT_CONVERSION = YES;
				CLANG_WARN_DEPRECATED_OBJC_IMPLEMENTATIONS = YES;
				CLANG_WARN_DIRECT_OBJC_ISA_USAGE = YES_ERROR;
				CLANG_WARN_DOCUMENTATION_COMMENTS = YES;
				CLANG_WARN_EMPTY_BODY = YES;
				CLANG_WARN_ENUM_CONVERSION = YES;
				CLANG_WARN_INFINITE_RECURSION = YES;
				CLANG_WARN_INT_CONVERSION = YES;
				CLANG_WARN_NON_LITERAL_NULL_CONVERSION = YES;
				CLANG_WARN_OBJC_IMPLICIT_RETAIN_SELF = YES;
				CLANG_WARN_OBJC_LITERAL_CONVERSION = YES;
				CLANG_WARN_OBJC_ROOT_CLASS = YES_ERROR;
				CLANG_WARN_QUOTED_INCLUDE_IN_FRAMEWORK_HEADER = YES;
				CLANG_WARN_RANGE_LOOP_ANALYSIS = YES;
				CLANG_WARN_STRICT_PROTOTYPES = YES;
				CLANG_WARN_SUSPICIOUS_MOVE = YES;
				CLANG_WARN_UNGUARDED_AVAILABILITY = YES_AGGRESSIVE;
				CLANG_WARN_UNREACHABLE_CODE = YES;
				CLANG_WARN__DUPLICATE_METHOD_MATCH = YES;
				COPY_PHASE_STRIP = NO;
				DEBUG_INFORMATION_FORMAT = "dwarf-with-dsym";
				ENABLE_NS_ASSERTIONS = NO;
				ENABLE_STRICT_OBJC_MSGSEND = YES;
				GCC_C_LANGUAGE_STANDARD = gnu11;
				GCC_NO_COMMON_BLOCKS = YES;
				GCC_WARN_64_TO_32_BIT_CONVERSION = YES;
				GCC_WARN_ABOUT_RETURN_TYPE = YES_ERROR;
				GCC_WARN_UNDECLARED_SELECTOR = YES;
				GCC_WARN_UNINITIALIZED_AUTOS = YES_AGGRESSIVE;
				GCC_WARN_UNUSED_FUNCTION = YES;
				GCC_WARN_UNUSED_VARIABLE = YES;
				IPHONEOS_DEPLOYMENT_TARGET = 14.2;
				MTL_ENABLE_DEBUG_INFO = NO;
				MTL_FAST_MATH = YES;
				SDKROOT = iphoneos;
				SWIFT_COMPILATION_MODE = wholemodule;
				SWIFT_OPTIMIZATION_LEVEL = "-O";
				VALIDATE_PRODUCT = YES;
			};
			name = Release;
		};
		EDE97BAE256F53D5004C2E59 /* Debug */ = {
			isa = XCBuildConfiguration;
			baseConfigurationReference = 535F2A2E41B496BE89F65A26 /* Pods-iOS-Clock-App.debug.xcconfig */;
			buildSettings = {
				ASSETCATALOG_COMPILER_APPICON_NAME = AppIcon;
				ASSETCATALOG_COMPILER_GLOBAL_ACCENT_COLOR_NAME = AccentColor;
				CODE_SIGN_STYLE = Automatic;
				INFOPLIST_FILE = "iOS-Clock-App/Resource/Info.plist";
				LD_RUNPATH_SEARCH_PATHS = (
					"$(inherited)",
					"@executable_path/Frameworks",
				);
				PRODUCT_BUNDLE_IDENTIFIER = "com.tiekle.iOS-Clock-App";
				PRODUCT_NAME = "$(TARGET_NAME)";
				SWIFT_VERSION = 5.0;
				TARGETED_DEVICE_FAMILY = "1,2";
			};
			name = Debug;
		};
		EDE97BAF256F53D5004C2E59 /* Release */ = {
			isa = XCBuildConfiguration;
			baseConfigurationReference = 4C7BA35B4BA55D4CB70C1416 /* Pods-iOS-Clock-App.release.xcconfig */;
			buildSettings = {
				ASSETCATALOG_COMPILER_APPICON_NAME = AppIcon;
				ASSETCATALOG_COMPILER_GLOBAL_ACCENT_COLOR_NAME = AccentColor;
				CODE_SIGN_STYLE = Automatic;
				INFOPLIST_FILE = "iOS-Clock-App/Resource/Info.plist";
				LD_RUNPATH_SEARCH_PATHS = (
					"$(inherited)",
					"@executable_path/Frameworks",
				);
				PRODUCT_BUNDLE_IDENTIFIER = "com.tiekle.iOS-Clock-App";
				PRODUCT_NAME = "$(TARGET_NAME)";
				SWIFT_VERSION = 5.0;
				TARGETED_DEVICE_FAMILY = "1,2";
			};
			name = Release;
		};
/* End XCBuildConfiguration section */

/* Begin XCConfigurationList section */
		EDE97B94256F53D4004C2E59 /* Build configuration list for PBXProject "iOS-Clock-App" */ = {
			isa = XCConfigurationList;
			buildConfigurations = (
				EDE97BAB256F53D5004C2E59 /* Debug */,
				EDE97BAC256F53D5004C2E59 /* Release */,
			);
			defaultConfigurationIsVisible = 0;
			defaultConfigurationName = Release;
		};
		EDE97BAD256F53D5004C2E59 /* Build configuration list for PBXNativeTarget "iOS-Clock-App" */ = {
			isa = XCConfigurationList;
			buildConfigurations = (
				EDE97BAE256F53D5004C2E59 /* Debug */,
				EDE97BAF256F53D5004C2E59 /* Release */,
			);
			defaultConfigurationIsVisible = 0;
			defaultConfigurationName = Release;
		};
/* End XCConfigurationList section */
	};
	rootObject = EDE97B91256F53D4004C2E59 /* Project object */;
}
